
Microsoft Visual Studio Solution File, Format Version 12.00
# Visual Studio Version 16
VisualStudioVersion = 16.0.31313.79
MinimumVisualStudioVersion = 10.0.40219.1
Project("{FAE04EC0-301F-11D3-BF4B-00C04F79EFBC}") = "Collections", "Collections\Collections.csproj", "{FFF5C879-B266-4FF8-B61D-8C83025C979C}"
EndProject
Global
	GlobalSection(SolutionConfigurationPlatforms) = preSolution
		Debug|Any CPU = Debug|Any CPU
		Release|Any CPU = Release|Any CPU
	EndGlobalSection
	GlobalSection(ProjectConfigurationPlatforms) = postSolution
		{FFF5C879-B266-4FF8-B61D-8C83025C979C}.Debug|Any CPU.ActiveCfg = Debug|Any CPU
		{FFF5C879-B266-4FF8-B61D-8C83025C979C}.Debug|Any CPU.Build.0 = Debug|Any CPU
		{FFF5C879-B266-4FF8-B61D-8C83025C979C}.Release|Any CPU.ActiveCfg = Release|Any CPU
		{FFF5C879-B266-4FF8-B61D-8C83025C979C}.Release|Any CPU.Build.0 = Release|Any CPU
	EndGlobalSection
	GlobalSection(SolutionProperties) = preSolution
		HideSolutionNode = FALSE
	EndGlobalSection
	GlobalSection(ExtensibilityGlobals) = postSolution
		SolutionGuid = {9266F7F8-EC79-4895-A913-34A47D613751}
	EndGlobalSection
EndGlobal
